
Microsoft Visual Studio Solution File, Format Version 12.00
# Visual Studio Version 17
VisualStudioVersion = 17.0.32014.148
MinimumVisualStudioVersion = 10.0.40219.1
Project("{9A19103F-16F7-4668-BE54-9A1E7A4F7556}") = "Ao.ObjectDesign", "src\Ao.ObjectDesign\Ao.ObjectDesign.csproj", "{E146D366-9C0E-4D8B-BC2C-8C18D8959209}"
EndProject
Project("{9A19103F-16F7-4668-BE54-9A1E7A4F7556}") = "Ao.ObjectDesign.Abstract", "src\Ao.ObjectDesign.Abstract\Ao.ObjectDesign.Abstract.csproj", "{11E18111-50C2-4E4D-ABFD-0D220B2A1417}"
EndProject
Project("{2150E333-8FDC-42A3-9474-1A3956D46DE8}") = "test", "test", "{682355FE-C4FC-4692-9AFA-18DCC2E6DBE7}"
EndProject
Project("{9A19103F-16F7-4668-BE54-9A1E7A4F7556}") = "Ao.ObjectDesign.Test", "test\Ao.ObjectDesign.Test\Ao.ObjectDesign.Test.csproj", "{67041C22-CBCE-451C-B352-F8CDBADE87D2}"
EndProject
Project("{2150E333-8FDC-42A3-9474-1A3956D46DE8}") = "samples", "samples", "{6FE788C6-0D27-45DF-B9BA-F225DAE3EC78}"
EndProject
Project("{9A19103F-16F7-4668-BE54-9A1E7A4F7556}") = "ObjectDesign.Wpf", "samples\ObjectDesign.Wpf\ObjectDesign.Wpf.csproj", "{949340F1-2BAD-4AA0-8D29-5364872C28AB}"
EndProject
Project("{9A19103F-16F7-4668-BE54-9A1E7A4F7556}") = "ObjectDesignRW", "samples\ObjectDesignRW\ObjectDesignRW.csproj", "{344BE682-A9BB-4C66-9125-FD936E856F05}"
EndProject
Project("{9A19103F-16F7-4668-BE54-9A1E7A4F7556}") = "Ao.ObjectDesign.Wpf", "src\Ao.ObjectDesign.Wpf\Ao.ObjectDesign.Wpf.csproj", "{E1C1A9C8-9599-458C-A3F5-8A42BE37A49F}"
EndProject
Project("{9A19103F-16F7-4668-BE54-9A1E7A4F7556}") = "Ao.ObjectDesign.Benchmark", "test\Ao.ObjectDesign.Benchmark\Ao.ObjectDesign.Benchmark.csproj", "{8EC365C1-53AD-447B-8AB5-44618B707FD0}"
EndProject
Project("{9A19103F-16F7-4668-BE54-9A1E7A4F7556}") = "Ao.ObjectDesign.Wpf.Test", "test\Ao.ObjectDesign.Wpf.Test\Ao.ObjectDesign.Wpf.Test.csproj", "{E9E250B4-838B-4F54-92CB-20CCA75C126D}"
EndProject
Project("{9A19103F-16F7-4668-BE54-9A1E7A4F7556}") = "Ao.ObjectDesign.Controls", "src\Ao.ObjectDesign.Controls\Ao.ObjectDesign.Controls.csproj", "{158C1795-9CD7-4C69-BE20-1BA157E348ED}"
EndProject
Project("{9A19103F-16F7-4668-BE54-9A1E7A4F7556}") = "Ao.ObjectDesign.Json", "src\Ao.ObjectDesign.Json\Ao.ObjectDesign.Json.csproj", "{5AAA96C4-AFBB-4E78-AB20-47A5B2463461}"
EndProject
Project("{9A19103F-16F7-4668-BE54-9A1E7A4F7556}") = "Ao.ObjectDesign.Yaml", "src\Ao.ObjectDesign.Yaml\Ao.ObjectDesign.Yaml.csproj", "{F0995A19-F3CE-4F49-BF50-93B39997DFF4}"
EndProject
Project("{9A19103F-16F7-4668-BE54-9A1E7A4F7556}") = "Ao.ObjectDesign.Designing", "src\Ao.ObjectDesign.Designing\Ao.ObjectDesign.Designing.csproj", "{762DCC67-B3BC-4602-9C60-BF024ED0AAE9}"
EndProject
Project("{9A19103F-16F7-4668-BE54-9A1E7A4F7556}") = "Ao.ObjectDesign.Designing.Test", "test\Ao.ObjectDesign.Designing.Test\Ao.ObjectDesign.Designing.Test.csproj", "{54ECB04E-7557-46A4-B7DB-D01E592135D5}"
EndProject
Project("{9A19103F-16F7-4668-BE54-9A1E7A4F7556}") = "Ao.ObjectDesign.WpfDesign", "src\Ao.ObjectDesign.WpfDesign\Ao.ObjectDesign.WpfDesign.csproj", "{A6A3945D-10A2-4CF4-8009-C7D5DDF9B581}"
EndProject
Project("{9A19103F-16F7-4668-BE54-9A1E7A4F7556}") = "Ao.ObjectDesign.WpfDesign.Test", "test\Ao.ObjectDesign.WpfDesign.Test\Ao.ObjectDesign.WpfDesign.Test.csproj", "{440E7D30-AD38-4F71-AC3B-5AF21DA5AF39}"
EndProject
Project("{9A19103F-16F7-4668-BE54-9A1E7A4F7556}") = "Ao.ObjectDesign.TextJson", "src\Ao.ObjectDesign.TextJson\Ao.ObjectDesign.TextJson.csproj", "{A4E941B2-9F20-48C3-A609-2FA3682E296A}"
EndProject
Project("{9A19103F-16F7-4668-BE54-9A1E7A4F7556}") = "Ao.ObjectDesign.MessagePack", "src\Ao.ObjectDesign.MessagePack\Ao.ObjectDesign.MessagePack.csproj", "{3C3FCD1E-E72E-4A89-96F1-B21FE230F6EC}"
EndProject
Project("{9A19103F-16F7-4668-BE54-9A1E7A4F7556}") = "Ao.ObjectDesign.Xaml", "src\Ao.ObjectDesign.Xaml\Ao.ObjectDesign.Xaml.csproj", "{45925D03-B5C5-40FF-A710-ECF2926614EB}"
EndProject
Project("{9A19103F-16F7-4668-BE54-9A1E7A4F7556}") = "Ao.ObjectDesign.Session", "src\Ao.ObjectDesign.Session\Ao.ObjectDesign.Session.csproj", "{14C986C6-7F19-46F6-8E94-92BDBBC1CB12}"
EndProject
Project("{9A19103F-16F7-4668-BE54-9A1E7A4F7556}") = "Ao.ObjectDesign.Bindings", "src\Ao.ObjectDesign.Bindings\Ao.ObjectDesign.Bindings.csproj", "{F0FC7F1F-B5AA-49BC-9C9D-19FEBD092FA2}"
EndProject
Project("{9A19103F-16F7-4668-BE54-9A1E7A4F7556}") = "ObjectDesign.Brock.Controls", "samples\ObjectDesign.Brock.Controls\ObjectDesign.Brock.Controls.csproj", "{DFC1C2C0-41EE-4F86-9E37-49B935AEFE60}"
EndProject
Project("{9A19103F-16F7-4668-BE54-9A1E7A4F7556}") = "ObjectDesign.Brock", "samples\ObjectDesign.Brock\ObjectDesign.Brock.csproj", "{7795315C-E717-4D7E-B8E6-1157E37C69AE}"
EndProject
Project("{9A19103F-16F7-4668-BE54-9A1E7A4F7556}") = "Ao.ObjectDesign.DependencyInjection", "src\Ao.ObjectDesign.DependencyInjection\Ao.ObjectDesign.DependencyInjection.csproj", "{7AE2FAEA-0B82-4E3A-81DA-2533606DC215}"
EndProject
Project("{9A19103F-16F7-4668-BE54-9A1E7A4F7556}") = "Ao.ObjectDesign.AutoBind", "src\Ao.ObjectDesign.AutoBind\Ao.ObjectDesign.AutoBind.csproj", "{F7E3EF22-689A-4E90-A751-FF8DD7A50A6E}"
EndProject
Project("{9A19103F-16F7-4668-BE54-9A1E7A4F7556}") = "Ao.ObjectDesign.Sources.Sql", "src\Ao.ObjectDesign.Sources.Sql\Ao.ObjectDesign.Sources.Sql.csproj", "{6962B81B-FD45-428D-8405-C74CF8E5AFD0}"
EndProject
Project("{9A19103F-16F7-4668-BE54-9A1E7A4F7556}") = "Ao.ObjectDesign.Sources", "src\Ao.ObjectDesign.Sources\Ao.ObjectDesign.Sources.csproj", "{827ECD02-F1F8-4B28-B5F5-5B37E5C56C44}"
EndProject
Project("{9A19103F-16F7-4668-BE54-9A1E7A4F7556}") = "Ao.ObjectDesign.Sources.Cmd", "samples\Ao.ObjectDesign.Sources.Cmd\Ao.ObjectDesign.Sources.Cmd.csproj", "{638A93B9-18BA-4B97-B21C-78731419E323}"
EndProject
Project("{9A19103F-16F7-4668-BE54-9A1E7A4F7556}") = "Ao.ObjectDesign.Sources.Influxdb", "src\Ao.ObjectDesign.Sources.Influxdb\Ao.ObjectDesign.Sources.Influxdb.csproj", "{BA90FEDB-B1FD-4DDF-8FA8-2FE58F85E82D}"
EndProject
Project("{9A19103F-16F7-4668-BE54-9A1E7A4F7556}") = "ObjectDesign.Projecting", "samples\ObjectDesign.Projecting\ObjectDesign.Projecting.csproj", "{975C5F94-B2A5-4CCF-BA7A-0341461B2F79}"
EndProject
Project("{9A19103F-16F7-4668-BE54-9A1E7A4F7556}") = "Ao.ObjectDesign.Sources.Abstract", "src\Ao.ObjectDesign.Sources.Abstract\Ao.ObjectDesign.Sources.Abstract.csproj", "{F25BB79C-F5C3-489C-B025-7127F2FAAFC6}"
EndProject
Project("{9A19103F-16F7-4668-BE54-9A1E7A4F7556}") = "Ao.ObjectDesign.Message.Channels", "src\Ao.ObjectDesign.Message.Channels\Ao.ObjectDesign.Message.Channels.csproj", "{D300C78C-1D19-4F82-A41B-7324E5C95D16}"
EndProject
Project("{2150E333-8FDC-42A3-9474-1A3956D46DE8}") = "messages", "messages", "{F2F67EF7-3D46-4A66-8F5B-92D1E9043FAA}"
EndProject
Project("{9A19103F-16F7-4668-BE54-9A1E7A4F7556}") = "Ao.ObjectDesign.Message.Channels.Cmd", "samples\Ao.ObjectDesign.Message.Channels.Cmd\Ao.ObjectDesign.Message.Channels.Cmd.csproj", "{776A1E8C-6FDB-492E-8115-205D23F6C32E}"
EndProject
Project("{2150E333-8FDC-42A3-9474-1A3956D46DE8}") = "eng", "eng", "{F9FCB488-3138-4E67-80DC-7B83CF012877}"
	ProjectSection(SolutionItems) = preProject
		eng\pkg.props = eng\pkg.props
	EndProjectSection
EndProject
Global
	GlobalSection(SolutionConfigurationPlatforms) = preSolution
		Debug|Any CPU = Debug|Any CPU
		Debug|x64 = Debug|x64
		Debug|x86 = Debug|x86
		Release|Any CPU = Release|Any CPU
		Release|x64 = Release|x64
		Release|x86 = Release|x86
	EndGlobalSection
	GlobalSection(ProjectConfigurationPlatforms) = postSolution
		{E146D366-9C0E-4D8B-BC2C-8C18D8959209}.Debug|Any CPU.ActiveCfg = Debug|Any CPU
		{E146D366-9C0E-4D8B-BC2C-8C18D8959209}.Debug|Any CPU.Build.0 = Debug|Any CPU
		{E146D366-9C0E-4D8B-BC2C-8C18D8959209}.Debug|x64.ActiveCfg = Debug|Any CPU
		{E146D366-9C0E-4D8B-BC2C-8C18D8959209}.Debug|x64.Build.0 = Debug|Any CPU
		{E146D366-9C0E-4D8B-BC2C-8C18D8959209}.Debug|x86.ActiveCfg = Debug|Any CPU
		{E146D366-9C0E-4D8B-BC2C-8C18D8959209}.Debug|x86.Build.0 = Debug|Any CPU
		{E146D366-9C0E-4D8B-BC2C-8C18D8959209}.Release|Any CPU.ActiveCfg = Release|Any CPU
		{E146D366-9C0E-4D8B-BC2C-8C18D8959209}.Release|Any CPU.Build.0 = Release|Any CPU
		{E146D366-9C0E-4D8B-BC2C-8C18D8959209}.Release|x64.ActiveCfg = Release|Any CPU
		{E146D366-9C0E-4D8B-BC2C-8C18D8959209}.Release|x64.Build.0 = Release|Any CPU
		{E146D366-9C0E-4D8B-BC2C-8C18D8959209}.Release|x86.ActiveCfg = Release|Any CPU
		{E146D366-9C0E-4D8B-BC2C-8C18D8959209}.Release|x86.Build.0 = Release|Any CPU
		{11E18111-50C2-4E4D-ABFD-0D220B2A1417}.Debug|Any CPU.ActiveCfg = Debug|Any CPU
		{11E18111-50C2-4E4D-ABFD-0D220B2A1417}.Debug|Any CPU.Build.0 = Debug|Any CPU
		{11E18111-50C2-4E4D-ABFD-0D220B2A1417}.Debug|x64.ActiveCfg = Debug|Any CPU
		{11E18111-50C2-4E4D-ABFD-0D220B2A1417}.Debug|x64.Build.0 = Debug|Any CPU
		{11E18111-50C2-4E4D-ABFD-0D220B2A1417}.Debug|x86.ActiveCfg = Debug|Any CPU
		{11E18111-50C2-4E4D-ABFD-0D220B2A1417}.Debug|x86.Build.0 = Debug|Any CPU
		{11E18111-50C2-4E4D-ABFD-0D220B2A1417}.Release|Any CPU.ActiveCfg = Release|Any CPU
		{11E18111-50C2-4E4D-ABFD-0D220B2A1417}.Release|Any CPU.Build.0 = Release|Any CPU
		{11E18111-50C2-4E4D-ABFD-0D220B2A1417}.Release|x64.ActiveCfg = Release|Any CPU
		{11E18111-50C2-4E4D-ABFD-0D220B2A1417}.Release|x64.Build.0 = Release|Any CPU
		{11E18111-50C2-4E4D-ABFD-0D220B2A1417}.Release|x86.ActiveCfg = Release|Any CPU
		{11E18111-50C2-4E4D-ABFD-0D220B2A1417}.Release|x86.Build.0 = Release|Any CPU
		{67041C22-CBCE-451C-B352-F8CDBADE87D2}.Debug|Any CPU.ActiveCfg = Debug|Any CPU
		{67041C22-CBCE-451C-B352-F8CDBADE87D2}.Debug|Any CPU.Build.0 = Debug|Any CPU
		{67041C22-CBCE-451C-B352-F8CDBADE87D2}.Debug|x64.ActiveCfg = Debug|Any CPU
		{67041C22-CBCE-451C-B352-F8CDBADE87D2}.Debug|x64.Build.0 = Debug|Any CPU
		{67041C22-CBCE-451C-B352-F8CDBADE87D2}.Debug|x86.ActiveCfg = Debug|Any CPU
		{67041C22-CBCE-451C-B352-F8CDBADE87D2}.Debug|x86.Build.0 = Debug|Any CPU
		{67041C22-CBCE-451C-B352-F8CDBADE87D2}.Release|Any CPU.ActiveCfg = Release|Any CPU
		{67041C22-CBCE-451C-B352-F8CDBADE87D2}.Release|Any CPU.Build.0 = Release|Any CPU
		{67041C22-CBCE-451C-B352-F8CDBADE87D2}.Release|x64.ActiveCfg = Release|Any CPU
		{67041C22-CBCE-451C-B352-F8CDBADE87D2}.Release|x64.Build.0 = Release|Any CPU
		{67041C22-CBCE-451C-B352-F8CDBADE87D2}.Release|x86.ActiveCfg = Release|Any CPU
		{67041C22-CBCE-451C-B352-F8CDBADE87D2}.Release|x86.Build.0 = Release|Any CPU
		{949340F1-2BAD-4AA0-8D29-5364872C28AB}.Debug|Any CPU.ActiveCfg = Debug|Any CPU
		{949340F1-2BAD-4AA0-8D29-5364872C28AB}.Debug|Any CPU.Build.0 = Debug|Any CPU
		{949340F1-2BAD-4AA0-8D29-5364872C28AB}.Debug|x64.ActiveCfg = Debug|Any CPU
		{949340F1-2BAD-4AA0-8D29-5364872C28AB}.Debug|x64.Build.0 = Debug|Any CPU
		{949340F1-2BAD-4AA0-8D29-5364872C28AB}.Debug|x86.ActiveCfg = Debug|Any CPU
		{949340F1-2BAD-4AA0-8D29-5364872C28AB}.Debug|x86.Build.0 = Debug|Any CPU
		{949340F1-2BAD-4AA0-8D29-5364872C28AB}.Release|Any CPU.ActiveCfg = Release|Any CPU
		{949340F1-2BAD-4AA0-8D29-5364872C28AB}.Release|Any CPU.Build.0 = Release|Any CPU
		{949340F1-2BAD-4AA0-8D29-5364872C28AB}.Release|x64.ActiveCfg = Release|Any CPU
		{949340F1-2BAD-4AA0-8D29-5364872C28AB}.Release|x64.Build.0 = Release|Any CPU
		{949340F1-2BAD-4AA0-8D29-5364872C28AB}.Release|x86.ActiveCfg = Release|Any CPU
		{949340F1-2BAD-4AA0-8D29-5364872C28AB}.Release|x86.Build.0 = Release|Any CPU
		{344BE682-A9BB-4C66-9125-FD936E856F05}.Debug|Any CPU.ActiveCfg = Debug|Any CPU
		{344BE682-A9BB-4C66-9125-FD936E856F05}.Debug|Any CPU.Build.0 = Debug|Any CPU
		{344BE682-A9BB-4C66-9125-FD936E856F05}.Debug|x64.ActiveCfg = Debug|Any CPU
		{344BE682-A9BB-4C66-9125-FD936E856F05}.Debug|x64.Build.0 = Debug|Any CPU
		{344BE682-A9BB-4C66-9125-FD936E856F05}.Debug|x86.ActiveCfg = Debug|Any CPU
		{344BE682-A9BB-4C66-9125-FD936E856F05}.Debug|x86.Build.0 = Debug|Any CPU
		{344BE682-A9BB-4C66-9125-FD936E856F05}.Release|Any CPU.ActiveCfg = Release|Any CPU
		{344BE682-A9BB-4C66-9125-FD936E856F05}.Release|Any CPU.Build.0 = Release|Any CPU
		{344BE682-A9BB-4C66-9125-FD936E856F05}.Release|x64.ActiveCfg = Release|Any CPU
		{344BE682-A9BB-4C66-9125-FD936E856F05}.Release|x64.Build.0 = Release|Any CPU
		{344BE682-A9BB-4C66-9125-FD936E856F05}.Release|x86.ActiveCfg = Release|Any CPU
		{344BE682-A9BB-4C66-9125-FD936E856F05}.Release|x86.Build.0 = Release|Any CPU
		{E1C1A9C8-9599-458C-A3F5-8A42BE37A49F}.Debug|Any CPU.ActiveCfg = Debug|Any CPU
		{E1C1A9C8-9599-458C-A3F5-8A42BE37A49F}.Debug|Any CPU.Build.0 = Debug|Any CPU
		{E1C1A9C8-9599-458C-A3F5-8A42BE37A49F}.Debug|x64.ActiveCfg = Debug|Any CPU
		{E1C1A9C8-9599-458C-A3F5-8A42BE37A49F}.Debug|x64.Build.0 = Debug|Any CPU
		{E1C1A9C8-9599-458C-A3F5-8A42BE37A49F}.Debug|x86.ActiveCfg = Debug|Any CPU
		{E1C1A9C8-9599-458C-A3F5-8A42BE37A49F}.Debug|x86.Build.0 = Debug|Any CPU
		{E1C1A9C8-9599-458C-A3F5-8A42BE37A49F}.Release|Any CPU.ActiveCfg = Release|Any CPU
		{E1C1A9C8-9599-458C-A3F5-8A42BE37A49F}.Release|Any CPU.Build.0 = Release|Any CPU
		{E1C1A9C8-9599-458C-A3F5-8A42BE37A49F}.Release|x64.ActiveCfg = Release|Any CPU
		{E1C1A9C8-9599-458C-A3F5-8A42BE37A49F}.Release|x64.Build.0 = Release|Any CPU
		{E1C1A9C8-9599-458C-A3F5-8A42BE37A49F}.Release|x86.ActiveCfg = Release|Any CPU
		{E1C1A9C8-9599-458C-A3F5-8A42BE37A49F}.Release|x86.Build.0 = Release|Any CPU
		{8EC365C1-53AD-447B-8AB5-44618B707FD0}.Debug|Any CPU.ActiveCfg = Debug|Any CPU
		{8EC365C1-53AD-447B-8AB5-44618B707FD0}.Debug|Any CPU.Build.0 = Debug|Any CPU
		{8EC365C1-53AD-447B-8AB5-44618B707FD0}.Debug|x64.ActiveCfg = Debug|Any CPU
		{8EC365C1-53AD-447B-8AB5-44618B707FD0}.Debug|x64.Build.0 = Debug|Any CPU
		{8EC365C1-53AD-447B-8AB5-44618B707FD0}.Debug|x86.ActiveCfg = Debug|Any CPU
		{8EC365C1-53AD-447B-8AB5-44618B707FD0}.Debug|x86.Build.0 = Debug|Any CPU
		{8EC365C1-53AD-447B-8AB5-44618B707FD0}.Release|Any CPU.ActiveCfg = Release|Any CPU
		{8EC365C1-53AD-447B-8AB5-44618B707FD0}.Release|Any CPU.Build.0 = Release|Any CPU
		{8EC365C1-53AD-447B-8AB5-44618B707FD0}.Release|x64.ActiveCfg = Release|Any CPU
		{8EC365C1-53AD-447B-8AB5-44618B707FD0}.Release|x64.Build.0 = Release|Any CPU
		{8EC365C1-53AD-447B-8AB5-44618B707FD0}.Release|x86.ActiveCfg = Release|Any CPU
		{8EC365C1-53AD-447B-8AB5-44618B707FD0}.Release|x86.Build.0 = Release|Any CPU
		{E9E250B4-838B-4F54-92CB-20CCA75C126D}.Debug|Any CPU.ActiveCfg = Debug|Any CPU
		{E9E250B4-838B-4F54-92CB-20CCA75C126D}.Debug|Any CPU.Build.0 = Debug|Any CPU
		{E9E250B4-838B-4F54-92CB-20CCA75C126D}.Debug|x64.ActiveCfg = Debug|Any CPU
		{E9E250B4-838B-4F54-92CB-20CCA75C126D}.Debug|x64.Build.0 = Debug|Any CPU
		{E9E250B4-838B-4F54-92CB-20CCA75C126D}.Debug|x86.ActiveCfg = Debug|Any CPU
		{E9E250B4-838B-4F54-92CB-20CCA75C126D}.Debug|x86.Build.0 = Debug|Any CPU
		{E9E250B4-838B-4F54-92CB-20CCA75C126D}.Release|Any CPU.ActiveCfg = Release|Any CPU
		{E9E250B4-838B-4F54-92CB-20CCA75C126D}.Release|Any CPU.Build.0 = Release|Any CPU
		{E9E250B4-838B-4F54-92CB-20CCA75C126D}.Release|x64.ActiveCfg = Release|Any CPU
		{E9E250B4-838B-4F54-92CB-20CCA75C126D}.Release|x64.Build.0 = Release|Any CPU
		{E9E250B4-838B-4F54-92CB-20CCA75C126D}.Release|x86.ActiveCfg = Release|Any CPU
		{E9E250B4-838B-4F54-92CB-20CCA75C126D}.Release|x86.Build.0 = Release|Any CPU
		{158C1795-9CD7-4C69-BE20-1BA157E348ED}.Debug|Any CPU.ActiveCfg = Debug|Any CPU
		{158C1795-9CD7-4C69-BE20-1BA157E348ED}.Debug|Any CPU.Build.0 = Debug|Any CPU
		{158C1795-9CD7-4C69-BE20-1BA157E348ED}.Debug|x64.ActiveCfg = Debug|Any CPU
		{158C1795-9CD7-4C69-BE20-1BA157E348ED}.Debug|x64.Build.0 = Debug|Any CPU
		{158C1795-9CD7-4C69-BE20-1BA157E348ED}.Debug|x86.ActiveCfg = Debug|Any CPU
		{158C1795-9CD7-4C69-BE20-1BA157E348ED}.Debug|x86.Build.0 = Debug|Any CPU
		{158C1795-9CD7-4C69-BE20-1BA157E348ED}.Release|Any CPU.ActiveCfg = Release|Any CPU
		{158C1795-9CD7-4C69-BE20-1BA157E348ED}.Release|Any CPU.Build.0 = Release|Any CPU
		{158C1795-9CD7-4C69-BE20-1BA157E348ED}.Release|x64.ActiveCfg = Release|Any CPU
		{158C1795-9CD7-4C69-BE20-1BA157E348ED}.Release|x64.Build.0 = Release|Any CPU
		{158C1795-9CD7-4C69-BE20-1BA157E348ED}.Release|x86.ActiveCfg = Release|Any CPU
		{158C1795-9CD7-4C69-BE20-1BA157E348ED}.Release|x86.Build.0 = Release|Any CPU
		{5AAA96C4-AFBB-4E78-AB20-47A5B2463461}.Debug|Any CPU.ActiveCfg = Debug|Any CPU
		{5AAA96C4-AFBB-4E78-AB20-47A5B2463461}.Debug|Any CPU.Build.0 = Debug|Any CPU
		{5AAA96C4-AFBB-4E78-AB20-47A5B2463461}.Debug|x64.ActiveCfg = Debug|Any CPU
		{5AAA96C4-AFBB-4E78-AB20-47A5B2463461}.Debug|x64.Build.0 = Debug|Any CPU
		{5AAA96C4-AFBB-4E78-AB20-47A5B2463461}.Debug|x86.ActiveCfg = Debug|Any CPU
		{5AAA96C4-AFBB-4E78-AB20-47A5B2463461}.Debug|x86.Build.0 = Debug|Any CPU
		{5AAA96C4-AFBB-4E78-AB20-47A5B2463461}.Release|Any CPU.ActiveCfg = Release|Any CPU
		{5AAA96C4-AFBB-4E78-AB20-47A5B2463461}.Release|Any CPU.Build.0 = Release|Any CPU
		{5AAA96C4-AFBB-4E78-AB20-47A5B2463461}.Release|x64.ActiveCfg = Release|Any CPU
		{5AAA96C4-AFBB-4E78-AB20-47A5B2463461}.Release|x64.Build.0 = Release|Any CPU
		{5AAA96C4-AFBB-4E78-AB20-47A5B2463461}.Release|x86.ActiveCfg = Release|Any CPU
		{5AAA96C4-AFBB-4E78-AB20-47A5B2463461}.Release|x86.Build.0 = Release|Any CPU
		{F0995A19-F3CE-4F49-BF50-93B39997DFF4}.Debug|Any CPU.ActiveCfg = Debug|Any CPU
		{F0995A19-F3CE-4F49-BF50-93B39997DFF4}.Debug|Any CPU.Build.0 = Debug|Any CPU
		{F0995A19-F3CE-4F49-BF50-93B39997DFF4}.Debug|x64.ActiveCfg = Debug|Any CPU
		{F0995A19-F3CE-4F49-BF50-93B39997DFF4}.Debug|x64.Build.0 = Debug|Any CPU
		{F0995A19-F3CE-4F49-BF50-93B39997DFF4}.Debug|x86.ActiveCfg = Debug|Any CPU
		{F0995A19-F3CE-4F49-BF50-93B39997DFF4}.Debug|x86.Build.0 = Debug|Any CPU
		{F0995A19-F3CE-4F49-BF50-93B39997DFF4}.Release|Any CPU.ActiveCfg = Release|Any CPU
		{F0995A19-F3CE-4F49-BF50-93B39997DFF4}.Release|Any CPU.Build.0 = Release|Any CPU
		{F0995A19-F3CE-4F49-BF50-93B39997DFF4}.Release|x64.ActiveCfg = Release|Any CPU
		{F0995A19-F3CE-4F49-BF50-93B39997DFF4}.Release|x64.Build.0 = Release|Any CPU
		{F0995A19-F3CE-4F49-BF50-93B39997DFF4}.Release|x86.ActiveCfg = Release|Any CPU
		{F0995A19-F3CE-4F49-BF50-93B39997DFF4}.Release|x86.Build.0 = Release|Any CPU
		{762DCC67-B3BC-4602-9C60-BF024ED0AAE9}.Debug|Any CPU.ActiveCfg = Debug|Any CPU
		{762DCC67-B3BC-4602-9C60-BF024ED0AAE9}.Debug|Any CPU.Build.0 = Debug|Any CPU
		{762DCC67-B3BC-4602-9C60-BF024ED0AAE9}.Debug|x64.ActiveCfg = Debug|Any CPU
		{762DCC67-B3BC-4602-9C60-BF024ED0AAE9}.Debug|x64.Build.0 = Debug|Any CPU
		{762DCC67-B3BC-4602-9C60-BF024ED0AAE9}.Debug|x86.ActiveCfg = Debug|Any CPU
		{762DCC67-B3BC-4602-9C60-BF024ED0AAE9}.Debug|x86.Build.0 = Debug|Any CPU
		{762DCC67-B3BC-4602-9C60-BF024ED0AAE9}.Release|Any CPU.ActiveCfg = Release|Any CPU
		{762DCC67-B3BC-4602-9C60-BF024ED0AAE9}.Release|Any CPU.Build.0 = Release|Any CPU
		{762DCC67-B3BC-4602-9C60-BF024ED0AAE9}.Release|x64.ActiveCfg = Release|Any CPU
		{762DCC67-B3BC-4602-9C60-BF024ED0AAE9}.Release|x64.Build.0 = Release|Any CPU
		{762DCC67-B3BC-4602-9C60-BF024ED0AAE9}.Release|x86.ActiveCfg = Release|Any CPU
		{762DCC67-B3BC-4602-9C60-BF024ED0AAE9}.Release|x86.Build.0 = Release|Any CPU
		{54ECB04E-7557-46A4-B7DB-D01E592135D5}.Debug|Any CPU.ActiveCfg = Debug|Any CPU
		{54ECB04E-7557-46A4-B7DB-D01E592135D5}.Debug|Any CPU.Build.0 = Debug|Any CPU
		{54ECB04E-7557-46A4-B7DB-D01E592135D5}.Debug|x64.ActiveCfg = Debug|Any CPU
		{54ECB04E-7557-46A4-B7DB-D01E592135D5}.Debug|x64.Build.0 = Debug|Any CPU
		{54ECB04E-7557-46A4-B7DB-D01E592135D5}.Debug|x86.ActiveCfg = Debug|Any CPU
		{54ECB04E-7557-46A4-B7DB-D01E592135D5}.Debug|x86.Build.0 = Debug|Any CPU
		{54ECB04E-7557-46A4-B7DB-D01E592135D5}.Release|Any CPU.ActiveCfg = Release|Any CPU
		{54ECB04E-7557-46A4-B7DB-D01E592135D5}.Release|Any CPU.Build.0 = Release|Any CPU
		{54ECB04E-7557-46A4-B7DB-D01E592135D5}.Release|x64.ActiveCfg = Release|Any CPU
		{54ECB04E-7557-46A4-B7DB-D01E592135D5}.Release|x64.Build.0 = Release|Any CPU
		{54ECB04E-7557-46A4-B7DB-D01E592135D5}.Release|x86.ActiveCfg = Release|Any CPU
		{54ECB04E-7557-46A4-B7DB-D01E592135D5}.Release|x86.Build.0 = Release|Any CPU
		{A6A3945D-10A2-4CF4-8009-C7D5DDF9B581}.Debug|Any CPU.ActiveCfg = Debug|Any CPU
		{A6A3945D-10A2-4CF4-8009-C7D5DDF9B581}.Debug|Any CPU.Build.0 = Debug|Any CPU
		{A6A3945D-10A2-4CF4-8009-C7D5DDF9B581}.Debug|x64.ActiveCfg = Debug|Any CPU
		{A6A3945D-10A2-4CF4-8009-C7D5DDF9B581}.Debug|x64.Build.0 = Debug|Any CPU
		{A6A3945D-10A2-4CF4-8009-C7D5DDF9B581}.Debug|x86.ActiveCfg = Debug|Any CPU
		{A6A3945D-10A2-4CF4-8009-C7D5DDF9B581}.Debug|x86.Build.0 = Debug|Any CPU
		{A6A3945D-10A2-4CF4-8009-C7D5DDF9B581}.Release|Any CPU.ActiveCfg = Release|Any CPU
		{A6A3945D-10A2-4CF4-8009-C7D5DDF9B581}.Release|Any CPU.Build.0 = Release|Any CPU
		{A6A3945D-10A2-4CF4-8009-C7D5DDF9B581}.Release|x64.ActiveCfg = Release|Any CPU
		{A6A3945D-10A2-4CF4-8009-C7D5DDF9B581}.Release|x64.Build.0 = Release|Any CPU
		{A6A3945D-10A2-4CF4-8009-C7D5DDF9B581}.Release|x86.ActiveCfg = Release|Any CPU
		{A6A3945D-10A2-4CF4-8009-C7D5DDF9B581}.Release|x86.Build.0 = Release|Any CPU
		{440E7D30-AD38-4F71-AC3B-5AF21DA5AF39}.Debug|Any CPU.ActiveCfg = Debug|Any CPU
		{440E7D30-AD38-4F71-AC3B-5AF21DA5AF39}.Debug|Any CPU.Build.0 = Debug|Any CPU
		{440E7D30-AD38-4F71-AC3B-5AF21DA5AF39}.Debug|x64.ActiveCfg = Debug|Any CPU
		{440E7D30-AD38-4F71-AC3B-5AF21DA5AF39}.Debug|x64.Build.0 = Debug|Any CPU
		{440E7D30-AD38-4F71-AC3B-5AF21DA5AF39}.Debug|x86.ActiveCfg = Debug|Any CPU
		{440E7D30-AD38-4F71-AC3B-5AF21DA5AF39}.Debug|x86.Build.0 = Debug|Any CPU
		{440E7D30-AD38-4F71-AC3B-5AF21DA5AF39}.Release|Any CPU.ActiveCfg = Release|Any CPU
		{440E7D30-AD38-4F71-AC3B-5AF21DA5AF39}.Release|Any CPU.Build.0 = Release|Any CPU
		{440E7D30-AD38-4F71-AC3B-5AF21DA5AF39}.Release|x64.ActiveCfg = Release|Any CPU
		{440E7D30-AD38-4F71-AC3B-5AF21DA5AF39}.Release|x64.Build.0 = Release|Any CPU
		{440E7D30-AD38-4F71-AC3B-5AF21DA5AF39}.Release|x86.ActiveCfg = Release|Any CPU
		{440E7D30-AD38-4F71-AC3B-5AF21DA5AF39}.Release|x86.Build.0 = Release|Any CPU
		{A4E941B2-9F20-48C3-A609-2FA3682E296A}.Debug|Any CPU.ActiveCfg = Debug|Any CPU
		{A4E941B2-9F20-48C3-A609-2FA3682E296A}.Debug|Any CPU.Build.0 = Debug|Any CPU
		{A4E941B2-9F20-48C3-A609-2FA3682E296A}.Debug|x64.ActiveCfg = Debug|Any CPU
		{A4E941B2-9F20-48C3-A609-2FA3682E296A}.Debug|x64.Build.0 = Debug|Any CPU
		{A4E941B2-9F20-48C3-A609-2FA3682E296A}.Debug|x86.ActiveCfg = Debug|Any CPU
		{A4E941B2-9F20-48C3-A609-2FA3682E296A}.Debug|x86.Build.0 = Debug|Any CPU
		{A4E941B2-9F20-48C3-A609-2FA3682E296A}.Release|Any CPU.ActiveCfg = Release|Any CPU
		{A4E941B2-9F20-48C3-A609-2FA3682E296A}.Release|Any CPU.Build.0 = Release|Any CPU
		{A4E941B2-9F20-48C3-A609-2FA3682E296A}.Release|x64.ActiveCfg = Release|Any CPU
		{A4E941B2-9F20-48C3-A609-2FA3682E296A}.Release|x64.Build.0 = Release|Any CPU
		{A4E941B2-9F20-48C3-A609-2FA3682E296A}.Release|x86.ActiveCfg = Release|Any CPU
		{A4E941B2-9F20-48C3-A609-2FA3682E296A}.Release|x86.Build.0 = Release|Any CPU
		{3C3FCD1E-E72E-4A89-96F1-B21FE230F6EC}.Debug|Any CPU.ActiveCfg = Debug|Any CPU
		{3C3FCD1E-E72E-4A89-96F1-B21FE230F6EC}.Debug|Any CPU.Build.0 = Debug|Any CPU
		{3C3FCD1E-E72E-4A89-96F1-B21FE230F6EC}.Debug|x64.ActiveCfg = Debug|Any CPU
		{3C3FCD1E-E72E-4A89-96F1-B21FE230F6EC}.Debug|x64.Build.0 = Debug|Any CPU
		{3C3FCD1E-E72E-4A89-96F1-B21FE230F6EC}.Debug|x86.ActiveCfg = Debug|Any CPU
		{3C3FCD1E-E72E-4A89-96F1-B21FE230F6EC}.Debug|x86.Build.0 = Debug|Any CPU
		{3C3FCD1E-E72E-4A89-96F1-B21FE230F6EC}.Release|Any CPU.ActiveCfg = Release|Any CPU
		{3C3FCD1E-E72E-4A89-96F1-B21FE230F6EC}.Release|Any CPU.Build.0 = Release|Any CPU
		{3C3FCD1E-E72E-4A89-96F1-B21FE230F6EC}.Release|x64.ActiveCfg = Release|Any CPU
		{3C3FCD1E-E72E-4A89-96F1-B21FE230F6EC}.Release|x64.Build.0 = Release|Any CPU
		{3C3FCD1E-E72E-4A89-96F1-B21FE230F6EC}.Release|x86.ActiveCfg = Release|Any CPU
		{3C3FCD1E-E72E-4A89-96F1-B21FE230F6EC}.Release|x86.Build.0 = Release|Any CPU
		{45925D03-B5C5-40FF-A710-ECF2926614EB}.Debug|Any CPU.ActiveCfg = Debug|Any CPU
		{45925D03-B5C5-40FF-A710-ECF2926614EB}.Debug|Any CPU.Build.0 = Debug|Any CPU
		{45925D03-B5C5-40FF-A710-ECF2926614EB}.Debug|x64.ActiveCfg = Debug|Any CPU
		{45925D03-B5C5-40FF-A710-ECF2926614EB}.Debug|x64.Build.0 = Debug|Any CPU
		{45925D03-B5C5-40FF-A710-ECF2926614EB}.Debug|x86.ActiveCfg = Debug|Any CPU
		{45925D03-B5C5-40FF-A710-ECF2926614EB}.Debug|x86.Build.0 = Debug|Any CPU
		{45925D03-B5C5-40FF-A710-ECF2926614EB}.Release|Any CPU.ActiveCfg = Release|Any CPU
		{45925D03-B5C5-40FF-A710-ECF2926614EB}.Release|Any CPU.Build.0 = Release|Any CPU
		{45925D03-B5C5-40FF-A710-ECF2926614EB}.Release|x64.ActiveCfg = Release|Any CPU
		{45925D03-B5C5-40FF-A710-ECF2926614EB}.Release|x64.Build.0 = Release|Any CPU
		{45925D03-B5C5-40FF-A710-ECF2926614EB}.Release|x86.ActiveCfg = Release|Any CPU
		{45925D03-B5C5-40FF-A710-ECF2926614EB}.Release|x86.Build.0 = Release|Any CPU
		{14C986C6-7F19-46F6-8E94-92BDBBC1CB12}.Debug|Any CPU.ActiveCfg = Debug|Any CPU
		{14C986C6-7F19-46F6-8E94-92BDBBC1CB12}.Debug|Any CPU.Build.0 = Debug|Any CPU
		{14C986C6-7F19-46F6-8E94-92BDBBC1CB12}.Debug|x64.ActiveCfg = Debug|Any CPU
		{14C986C6-7F19-46F6-8E94-92BDBBC1CB12}.Debug|x64.Build.0 = Debug|Any CPU
		{14C986C6-7F19-46F6-8E94-92BDBBC1CB12}.Debug|x86.ActiveCfg = Debug|Any CPU
		{14C986C6-7F19-46F6-8E94-92BDBBC1CB12}.Debug|x86.Build.0 = Debug|Any CPU
		{14C986C6-7F19-46F6-8E94-92BDBBC1CB12}.Release|Any CPU.ActiveCfg = Release|Any CPU
		{14C986C6-7F19-46F6-8E94-92BDBBC1CB12}.Release|Any CPU.Build.0 = Release|Any CPU
		{14C986C6-7F19-46F6-8E94-92BDBBC1CB12}.Release|x64.ActiveCfg = Release|Any CPU
		{14C986C6-7F19-46F6-8E94-92BDBBC1CB12}.Release|x64.Build.0 = Release|Any CPU
		{14C986C6-7F19-46F6-8E94-92BDBBC1CB12}.Release|x86.ActiveCfg = Release|Any CPU
		{14C986C6-7F19-46F6-8E94-92BDBBC1CB12}.Release|x86.Build.0 = Release|Any CPU
		{F0FC7F1F-B5AA-49BC-9C9D-19FEBD092FA2}.Debug|Any CPU.ActiveCfg = Debug|Any CPU
		{F0FC7F1F-B5AA-49BC-9C9D-19FEBD092FA2}.Debug|Any CPU.Build.0 = Debug|Any CPU
		{F0FC7F1F-B5AA-49BC-9C9D-19FEBD092FA2}.Debug|x64.ActiveCfg = Debug|Any CPU
		{F0FC7F1F-B5AA-49BC-9C9D-19FEBD092FA2}.Debug|x64.Build.0 = Debug|Any CPU
		{F0FC7F1F-B5AA-49BC-9C9D-19FEBD092FA2}.Debug|x86.ActiveCfg = Debug|Any CPU
		{F0FC7F1F-B5AA-49BC-9C9D-19FEBD092FA2}.Debug|x86.Build.0 = Debug|Any CPU
		{F0FC7F1F-B5AA-49BC-9C9D-19FEBD092FA2}.Release|Any CPU.ActiveCfg = Release|Any CPU
		{F0FC7F1F-B5AA-49BC-9C9D-19FEBD092FA2}.Release|Any CPU.Build.0 = Release|Any CPU
		{F0FC7F1F-B5AA-49BC-9C9D-19FEBD092FA2}.Release|x64.ActiveCfg = Release|Any CPU
		{F0FC7F1F-B5AA-49BC-9C9D-19FEBD092FA2}.Release|x64.Build.0 = Release|Any CPU
		{F0FC7F1F-B5AA-49BC-9C9D-19FEBD092FA2}.Release|x86.ActiveCfg = Release|Any CPU
		{F0FC7F1F-B5AA-49BC-9C9D-19FEBD092FA2}.Release|x86.Build.0 = Release|Any CPU
		{DFC1C2C0-41EE-4F86-9E37-49B935AEFE60}.Debug|Any CPU.ActiveCfg = Debug|Any CPU
		{DFC1C2C0-41EE-4F86-9E37-49B935AEFE60}.Debug|Any CPU.Build.0 = Debug|Any CPU
		{DFC1C2C0-41EE-4F86-9E37-49B935AEFE60}.Debug|x64.ActiveCfg = Debug|Any CPU
		{DFC1C2C0-41EE-4F86-9E37-49B935AEFE60}.Debug|x64.Build.0 = Debug|Any CPU
		{DFC1C2C0-41EE-4F86-9E37-49B935AEFE60}.Debug|x86.ActiveCfg = Debug|Any CPU
		{DFC1C2C0-41EE-4F86-9E37-49B935AEFE60}.Debug|x86.Build.0 = Debug|Any CPU
		{DFC1C2C0-41EE-4F86-9E37-49B935AEFE60}.Release|Any CPU.ActiveCfg = Release|Any CPU
		{DFC1C2C0-41EE-4F86-9E37-49B935AEFE60}.Release|Any CPU.Build.0 = Release|Any CPU
		{DFC1C2C0-41EE-4F86-9E37-49B935AEFE60}.Release|x64.ActiveCfg = Release|Any CPU
		{DFC1C2C0-41EE-4F86-9E37-49B935AEFE60}.Release|x64.Build.0 = Release|Any CPU
		{DFC1C2C0-41EE-4F86-9E37-49B935AEFE60}.Release|x86.ActiveCfg = Release|Any CPU
		{DFC1C2C0-41EE-4F86-9E37-49B935AEFE60}.Release|x86.Build.0 = Release|Any CPU
		{7795315C-E717-4D7E-B8E6-1157E37C69AE}.Debug|Any CPU.ActiveCfg = Debug|Any CPU
		{7795315C-E717-4D7E-B8E6-1157E37C69AE}.Debug|Any CPU.Build.0 = Debug|Any CPU
		{7795315C-E717-4D7E-B8E6-1157E37C69AE}.Debug|x64.ActiveCfg = Debug|Any CPU
		{7795315C-E717-4D7E-B8E6-1157E37C69AE}.Debug|x64.Build.0 = Debug|Any CPU
		{7795315C-E717-4D7E-B8E6-1157E37C69AE}.Debug|x86.ActiveCfg = Debug|Any CPU
		{7795315C-E717-4D7E-B8E6-1157E37C69AE}.Debug|x86.Build.0 = Debug|Any CPU
		{7795315C-E717-4D7E-B8E6-1157E37C69AE}.Release|Any CPU.ActiveCfg = Release|Any CPU
		{7795315C-E717-4D7E-B8E6-1157E37C69AE}.Release|Any CPU.Build.0 = Release|Any CPU
		{7795315C-E717-4D7E-B8E6-1157E37C69AE}.Release|x64.ActiveCfg = Release|Any CPU
		{7795315C-E717-4D7E-B8E6-1157E37C69AE}.Release|x64.Build.0 = Release|Any CPU
		{7795315C-E717-4D7E-B8E6-1157E37C69AE}.Release|x86.ActiveCfg = Release|Any CPU
		{7795315C-E717-4D7E-B8E6-1157E37C69AE}.Release|x86.Build.0 = Release|Any CPU
		{7AE2FAEA-0B82-4E3A-81DA-2533606DC215}.Debug|Any CPU.ActiveCfg = Debug|Any CPU
		{7AE2FAEA-0B82-4E3A-81DA-2533606DC215}.Debug|Any CPU.Build.0 = Debug|Any CPU
		{7AE2FAEA-0B82-4E3A-81DA-2533606DC215}.Debug|x64.ActiveCfg = Debug|Any CPU
		{7AE2FAEA-0B82-4E3A-81DA-2533606DC215}.Debug|x64.Build.0 = Debug|Any CPU
		{7AE2FAEA-0B82-4E3A-81DA-2533606DC215}.Debug|x86.ActiveCfg = Debug|Any CPU
		{7AE2FAEA-0B82-4E3A-81DA-2533606DC215}.Debug|x86.Build.0 = Debug|Any CPU
		{7AE2FAEA-0B82-4E3A-81DA-2533606DC215}.Release|Any CPU.ActiveCfg = Release|Any CPU
		{7AE2FAEA-0B82-4E3A-81DA-2533606DC215}.Release|Any CPU.Build.0 = Release|Any CPU
		{7AE2FAEA-0B82-4E3A-81DA-2533606DC215}.Release|x64.ActiveCfg = Release|Any CPU
		{7AE2FAEA-0B82-4E3A-81DA-2533606DC215}.Release|x64.Build.0 = Release|Any CPU
		{7AE2FAEA-0B82-4E3A-81DA-2533606DC215}.Release|x86.ActiveCfg = Release|Any CPU
		{7AE2FAEA-0B82-4E3A-81DA-2533606DC215}.Release|x86.Build.0 = Release|Any CPU
		{F7E3EF22-689A-4E90-A751-FF8DD7A50A6E}.Debug|Any CPU.ActiveCfg = Debug|Any CPU
		{F7E3EF22-689A-4E90-A751-FF8DD7A50A6E}.Debug|Any CPU.Build.0 = Debug|Any CPU
		{F7E3EF22-689A-4E90-A751-FF8DD7A50A6E}.Debug|x64.ActiveCfg = Debug|Any CPU
		{F7E3EF22-689A-4E90-A751-FF8DD7A50A6E}.Debug|x64.Build.0 = Debug|Any CPU
		{F7E3EF22-689A-4E90-A751-FF8DD7A50A6E}.Debug|x86.ActiveCfg = Debug|Any CPU
		{F7E3EF22-689A-4E90-A751-FF8DD7A50A6E}.Debug|x86.Build.0 = Debug|Any CPU
		{F7E3EF22-689A-4E90-A751-FF8DD7A50A6E}.Release|Any CPU.ActiveCfg = Release|Any CPU
		{F7E3EF22-689A-4E90-A751-FF8DD7A50A6E}.Release|Any CPU.Build.0 = Release|Any CPU
		{F7E3EF22-689A-4E90-A751-FF8DD7A50A6E}.Release|x64.ActiveCfg = Release|Any CPU
		{F7E3EF22-689A-4E90-A751-FF8DD7A50A6E}.Release|x64.Build.0 = Release|Any CPU
		{F7E3EF22-689A-4E90-A751-FF8DD7A50A6E}.Release|x86.ActiveCfg = Release|Any CPU
		{F7E3EF22-689A-4E90-A751-FF8DD7A50A6E}.Release|x86.Build.0 = Release|Any CPU
		{6962B81B-FD45-428D-8405-C74CF8E5AFD0}.Debug|Any CPU.ActiveCfg = Debug|Any CPU
		{6962B81B-FD45-428D-8405-C74CF8E5AFD0}.Debug|Any CPU.Build.0 = Debug|Any CPU
		{6962B81B-FD45-428D-8405-C74CF8E5AFD0}.Debug|x64.ActiveCfg = Debug|Any CPU
		{6962B81B-FD45-428D-8405-C74CF8E5AFD0}.Debug|x64.Build.0 = Debug|Any CPU
		{6962B81B-FD45-428D-8405-C74CF8E5AFD0}.Debug|x86.ActiveCfg = Debug|Any CPU
		{6962B81B-FD45-428D-8405-C74CF8E5AFD0}.Debug|x86.Build.0 = Debug|Any CPU
		{6962B81B-FD45-428D-8405-C74CF8E5AFD0}.Release|Any CPU.ActiveCfg = Release|Any CPU
		{6962B81B-FD45-428D-8405-C74CF8E5AFD0}.Release|Any CPU.Build.0 = Release|Any CPU
		{6962B81B-FD45-428D-8405-C74CF8E5AFD0}.Release|x64.ActiveCfg = Release|Any CPU
		{6962B81B-FD45-428D-8405-C74CF8E5AFD0}.Release|x64.Build.0 = Release|Any CPU
		{6962B81B-FD45-428D-8405-C74CF8E5AFD0}.Release|x86.ActiveCfg = Release|Any CPU
		{6962B81B-FD45-428D-8405-C74CF8E5AFD0}.Release|x86.Build.0 = Release|Any CPU
		{827ECD02-F1F8-4B28-B5F5-5B37E5C56C44}.Debug|Any CPU.ActiveCfg = Debug|Any CPU
		{827ECD02-F1F8-4B28-B5F5-5B37E5C56C44}.Debug|Any CPU.Build.0 = Debug|Any CPU
		{827ECD02-F1F8-4B28-B5F5-5B37E5C56C44}.Debug|x64.ActiveCfg = Debug|Any CPU
		{827ECD02-F1F8-4B28-B5F5-5B37E5C56C44}.Debug|x64.Build.0 = Debug|Any CPU
		{827ECD02-F1F8-4B28-B5F5-5B37E5C56C44}.Debug|x86.ActiveCfg = Debug|Any CPU
		{827ECD02-F1F8-4B28-B5F5-5B37E5C56C44}.Debug|x86.Build.0 = Debug|Any CPU
		{827ECD02-F1F8-4B28-B5F5-5B37E5C56C44}.Release|Any CPU.ActiveCfg = Release|Any CPU
		{827ECD02-F1F8-4B28-B5F5-5B37E5C56C44}.Release|Any CPU.Build.0 = Release|Any CPU
		{827ECD02-F1F8-4B28-B5F5-5B37E5C56C44}.Release|x64.ActiveCfg = Release|Any CPU
		{827ECD02-F1F8-4B28-B5F5-5B37E5C56C44}.Release|x64.Build.0 = Release|Any CPU
		{827ECD02-F1F8-4B28-B5F5-5B37E5C56C44}.Release|x86.ActiveCfg = Release|Any CPU
		{827ECD02-F1F8-4B28-B5F5-5B37E5C56C44}.Release|x86.Build.0 = Release|Any CPU
		{638A93B9-18BA-4B97-B21C-78731419E323}.Debug|Any CPU.ActiveCfg = Debug|Any CPU
		{638A93B9-18BA-4B97-B21C-78731419E323}.Debug|Any CPU.Build.0 = Debug|Any CPU
		{638A93B9-18BA-4B97-B21C-78731419E323}.Debug|x64.ActiveCfg = Debug|Any CPU
		{638A93B9-18BA-4B97-B21C-78731419E323}.Debug|x64.Build.0 = Debug|Any CPU
		{638A93B9-18BA-4B97-B21C-78731419E323}.Debug|x86.ActiveCfg = Debug|Any CPU
		{638A93B9-18BA-4B97-B21C-78731419E323}.Debug|x86.Build.0 = Debug|Any CPU
		{638A93B9-18BA-4B97-B21C-78731419E323}.Release|Any CPU.ActiveCfg = Release|Any CPU
		{638A93B9-18BA-4B97-B21C-78731419E323}.Release|Any CPU.Build.0 = Release|Any CPU
		{638A93B9-18BA-4B97-B21C-78731419E323}.Release|x64.ActiveCfg = Release|Any CPU
		{638A93B9-18BA-4B97-B21C-78731419E323}.Release|x64.Build.0 = Release|Any CPU
		{638A93B9-18BA-4B97-B21C-78731419E323}.Release|x86.ActiveCfg = Release|Any CPU
		{638A93B9-18BA-4B97-B21C-78731419E323}.Release|x86.Build.0 = Release|Any CPU
		{BA90FEDB-B1FD-4DDF-8FA8-2FE58F85E82D}.Debug|Any CPU.ActiveCfg = Debug|Any CPU
		{BA90FEDB-B1FD-4DDF-8FA8-2FE58F85E82D}.Debug|Any CPU.Build.0 = Debug|Any CPU
		{BA90FEDB-B1FD-4DDF-8FA8-2FE58F85E82D}.Debug|x64.ActiveCfg = Debug|Any CPU
		{BA90FEDB-B1FD-4DDF-8FA8-2FE58F85E82D}.Debug|x64.Build.0 = Debug|Any CPU
		{BA90FEDB-B1FD-4DDF-8FA8-2FE58F85E82D}.Debug|x86.ActiveCfg = Debug|Any CPU
		{BA90FEDB-B1FD-4DDF-8FA8-2FE58F85E82D}.Debug|x86.Build.0 = Debug|Any CPU
		{BA90FEDB-B1FD-4DDF-8FA8-2FE58F85E82D}.Release|Any CPU.ActiveCfg = Release|Any CPU
		{BA90FEDB-B1FD-4DDF-8FA8-2FE58F85E82D}.Release|Any CPU.Build.0 = Release|Any CPU
		{BA90FEDB-B1FD-4DDF-8FA8-2FE58F85E82D}.Release|x64.ActiveCfg = Release|Any CPU
		{BA90FEDB-B1FD-4DDF-8FA8-2FE58F85E82D}.Release|x64.Build.0 = Release|Any CPU
		{BA90FEDB-B1FD-4DDF-8FA8-2FE58F85E82D}.Release|x86.ActiveCfg = Release|Any CPU
		{BA90FEDB-B1FD-4DDF-8FA8-2FE58F85E82D}.Release|x86.Build.0 = Release|Any CPU
		{975C5F94-B2A5-4CCF-BA7A-0341461B2F79}.Debug|Any CPU.ActiveCfg = Debug|Any CPU
		{975C5F94-B2A5-4CCF-BA7A-0341461B2F79}.Debug|Any CPU.Build.0 = Debug|Any CPU
		{975C5F94-B2A5-4CCF-BA7A-0341461B2F79}.Debug|x64.ActiveCfg = Debug|Any CPU
		{975C5F94-B2A5-4CCF-BA7A-0341461B2F79}.Debug|x64.Build.0 = Debug|Any CPU
		{975C5F94-B2A5-4CCF-BA7A-0341461B2F79}.Debug|x86.ActiveCfg = Debug|Any CPU
		{975C5F94-B2A5-4CCF-BA7A-0341461B2F79}.Debug|x86.Build.0 = Debug|Any CPU
		{975C5F94-B2A5-4CCF-BA7A-0341461B2F79}.Release|Any CPU.ActiveCfg = Release|Any CPU
		{975C5F94-B2A5-4CCF-BA7A-0341461B2F79}.Release|Any CPU.Build.0 = Release|Any CPU
		{975C5F94-B2A5-4CCF-BA7A-0341461B2F79}.Release|x64.ActiveCfg = Release|Any CPU
		{975C5F94-B2A5-4CCF-BA7A-0341461B2F79}.Release|x64.Build.0 = Release|Any CPU
		{975C5F94-B2A5-4CCF-BA7A-0341461B2F79}.Release|x86.ActiveCfg = Release|Any CPU
		{975C5F94-B2A5-4CCF-BA7A-0341461B2F79}.Release|x86.Build.0 = Release|Any CPU
		{F25BB79C-F5C3-489C-B025-7127F2FAAFC6}.Debug|Any CPU.ActiveCfg = Debug|Any CPU
		{F25BB79C-F5C3-489C-B025-7127F2FAAFC6}.Debug|Any CPU.Build.0 = Debug|Any CPU
		{F25BB79C-F5C3-489C-B025-7127F2FAAFC6}.Debug|x64.ActiveCfg = Debug|Any CPU
		{F25BB79C-F5C3-489C-B025-7127F2FAAFC6}.Debug|x64.Build.0 = Debug|Any CPU
		{F25BB79C-F5C3-489C-B025-7127F2FAAFC6}.Debug|x86.ActiveCfg = Debug|Any CPU
		{F25BB79C-F5C3-489C-B025-7127F2FAAFC6}.Debug|x86.Build.0 = Debug|Any CPU
		{F25BB79C-F5C3-489C-B025-7127F2FAAFC6}.Release|Any CPU.ActiveCfg = Release|Any CPU
		{F25BB79C-F5C3-489C-B025-7127F2FAAFC6}.Release|Any CPU.Build.0 = Release|Any CPU
		{F25BB79C-F5C3-489C-B025-7127F2FAAFC6}.Release|x64.ActiveCfg = Release|Any CPU
		{F25BB79C-F5C3-489C-B025-7127F2FAAFC6}.Release|x64.Build.0 = Release|Any CPU
		{F25BB79C-F5C3-489C-B025-7127F2FAAFC6}.Release|x86.ActiveCfg = Release|Any CPU
		{F25BB79C-F5C3-489C-B025-7127F2FAAFC6}.Release|x86.Build.0 = Release|Any CPU
		{D300C78C-1D19-4F82-A41B-7324E5C95D16}.Debug|Any CPU.ActiveCfg = Debug|Any CPU
		{D300C78C-1D19-4F82-A41B-7324E5C95D16}.Debug|Any CPU.Build.0 = Debug|Any CPU
		{D300C78C-1D19-4F82-A41B-7324E5C95D16}.Debug|x64.ActiveCfg = Debug|Any CPU
		{D300C78C-1D19-4F82-A41B-7324E5C95D16}.Debug|x64.Build.0 = Debug|Any CPU
		{D300C78C-1D19-4F82-A41B-7324E5C95D16}.Debug|x86.ActiveCfg = Debug|Any CPU
		{D300C78C-1D19-4F82-A41B-7324E5C95D16}.Debug|x86.Build.0 = Debug|Any CPU
		{D300C78C-1D19-4F82-A41B-7324E5C95D16}.Release|Any CPU.ActiveCfg = Release|Any CPU
		{D300C78C-1D19-4F82-A41B-7324E5C95D16}.Release|Any CPU.Build.0 = Release|Any CPU
		{D300C78C-1D19-4F82-A41B-7324E5C95D16}.Release|x64.ActiveCfg = Release|Any CPU
		{D300C78C-1D19-4F82-A41B-7324E5C95D16}.Release|x64.Build.0 = Release|Any CPU
		{D300C78C-1D19-4F82-A41B-7324E5C95D16}.Release|x86.ActiveCfg = Release|Any CPU
		{D300C78C-1D19-4F82-A41B-7324E5C95D16}.Release|x86.Build.0 = Release|Any CPU
		{776A1E8C-6FDB-492E-8115-205D23F6C32E}.Debug|Any CPU.ActiveCfg = Debug|Any CPU
		{776A1E8C-6FDB-492E-8115-205D23F6C32E}.Debug|Any CPU.Build.0 = Debug|Any CPU
		{776A1E8C-6FDB-492E-8115-205D23F6C32E}.Debug|x64.ActiveCfg = Debug|Any CPU
		{776A1E8C-6FDB-492E-8115-205D23F6C32E}.Debug|x64.Build.0 = Debug|Any CPU
		{776A1E8C-6FDB-492E-8115-205D23F6C32E}.Debug|x86.ActiveCfg = Debug|Any CPU
		{776A1E8C-6FDB-492E-8115-205D23F6C32E}.Debug|x86.Build.0 = Debug|Any CPU
		{776A1E8C-6FDB-492E-8115-205D23F6C32E}.Release|Any CPU.ActiveCfg = Release|Any CPU
		{776A1E8C-6FDB-492E-8115-205D23F6C32E}.Release|Any CPU.Build.0 = Release|Any CPU
		{776A1E8C-6FDB-492E-8115-205D23F6C32E}.Release|x64.ActiveCfg = Release|Any CPU
		{776A1E8C-6FDB-492E-8115-205D23F6C32E}.Release|x64.Build.0 = Release|Any CPU
		{776A1E8C-6FDB-492E-8115-205D23F6C32E}.Release|x86.ActiveCfg = Release|Any CPU
		{776A1E8C-6FDB-492E-8115-205D23F6C32E}.Release|x86.Build.0 = Release|Any CPU
	EndGlobalSection
	GlobalSection(SolutionProperties) = preSolution
		HideSolutionNode = FALSE
	EndGlobalSection
	GlobalSection(NestedProjects) = preSolution
		{67041C22-CBCE-451C-B352-F8CDBADE87D2} = {682355FE-C4FC-4692-9AFA-18DCC2E6DBE7}
		{949340F1-2BAD-4AA0-8D29-5364872C28AB} = {6FE788C6-0D27-45DF-B9BA-F225DAE3EC78}
		{344BE682-A9BB-4C66-9125-FD936E856F05} = {6FE788C6-0D27-45DF-B9BA-F225DAE3EC78}
		{8EC365C1-53AD-447B-8AB5-44618B707FD0} = {682355FE-C4FC-4692-9AFA-18DCC2E6DBE7}
		{E9E250B4-838B-4F54-92CB-20CCA75C126D} = {682355FE-C4FC-4692-9AFA-18DCC2E6DBE7}
		{54ECB04E-7557-46A4-B7DB-D01E592135D5} = {682355FE-C4FC-4692-9AFA-18DCC2E6DBE7}
		{440E7D30-AD38-4F71-AC3B-5AF21DA5AF39} = {682355FE-C4FC-4692-9AFA-18DCC2E6DBE7}
		{DFC1C2C0-41EE-4F86-9E37-49B935AEFE60} = {6FE788C6-0D27-45DF-B9BA-F225DAE3EC78}
		{7795315C-E717-4D7E-B8E6-1157E37C69AE} = {6FE788C6-0D27-45DF-B9BA-F225DAE3EC78}
		{638A93B9-18BA-4B97-B21C-78731419E323} = {6FE788C6-0D27-45DF-B9BA-F225DAE3EC78}
		{975C5F94-B2A5-4CCF-BA7A-0341461B2F79} = {6FE788C6-0D27-45DF-B9BA-F225DAE3EC78}
		{D300C78C-1D19-4F82-A41B-7324E5C95D16} = {F2F67EF7-3D46-4A66-8F5B-92D1E9043FAA}
		{776A1E8C-6FDB-492E-8115-205D23F6C32E} = {6FE788C6-0D27-45DF-B9BA-F225DAE3EC78}
	EndGlobalSection
	GlobalSection(ExtensibilityGlobals) = postSolution
		SolutionGuid = {22BF6A9E-CAE0-429A-87B8-194A3E4C6B8F}
	EndGlobalSection
EndGlobal
